
Microsoft Visual Studio Solution File, Format Version 12.00
# Visual Studio Version 16
VisualStudioVersion = 16.0.31702.278
MinimumVisualStudioVersion = 10.0.40219.1
Project("{FAE04EC0-301F-11D3-BF4B-00C04F79EFBC}") = "P01ORMWstep", "P01ORMWstep\P01ORMWstep.csproj", "{9C7FF779-D9BB-480C-B420-A5208F7AFED1}"
EndProject
Global
	GlobalSection(SolutionConfigurationPlatforms) = preSolution
		Debug|Any CPU = Debug|Any CPU
		Release|Any CPU = Release|Any CPU
	EndGlobalSection
	GlobalSection(ProjectConfigurationPlatforms) = postSolution
		{9C7FF779-D9BB-480C-B420-A5208F7AFED1}.Debug|Any CPU.ActiveCfg = Debug|Any CPU
		{9C7FF779-D9BB-480C-B420-A5208F7AFED1}.Debug|Any CPU.Build.0 = Debug|Any CPU
		{9C7FF779-D9BB-480C-B420-A5208F7AFED1}.Release|Any CPU.ActiveCfg = Release|Any CPU
		{9C7FF779-D9BB-480C-B420-A5208F7AFED1}.Release|Any CPU.Build.0 = Release|Any CPU
	EndGlobalSection
	GlobalSection(SolutionProperties) = preSolution
		HideSolutionNode = FALSE
	EndGlobalSection
	GlobalSection(ExtensibilityGlobals) = postSolution
		SolutionGuid = {1A72D6A7-BBEC-4241-8EC4-A0F70CB88617}
	EndGlobalSection
EndGlobal
